
Microsoft Visual Studio Solution File, Format Version 12.00
# Visual Studio 15
VisualStudioVersion = 15.0.28307.960
MinimumVisualStudioVersion = 10.0.40219.1
Project("{FAE04EC0-301F-11D3-BF4B-00C04F79EFBC}") = "EveryTeacher", "EveryTeacher.csproj", "{DDA9E688-C14B-4C96-84AA-A573F64A6AA6}"
EndProject
Global
	GlobalSection(SolutionConfigurationPlatforms) = preSolution
		Debug|Any CPU = Debug|Any CPU
		Release|Any CPU = Release|Any CPU
	EndGlobalSection
	GlobalSection(ProjectConfigurationPlatforms) = postSolution
		{DDA9E688-C14B-4C96-84AA-A573F64A6AA6}.Debug|Any CPU.ActiveCfg = Debug|Any CPU
		{DDA9E688-C14B-4C96-84AA-A573F64A6AA6}.Debug|Any CPU.Build.0 = Debug|Any CPU
		{DDA9E688-C14B-4C96-84AA-A573F64A6AA6}.Release|Any CPU.ActiveCfg = Release|Any CPU
		{DDA9E688-C14B-4C96-84AA-A573F64A6AA6}.Release|Any CPU.Build.0 = Release|Any CPU
	EndGlobalSection
	GlobalSection(SolutionProperties) = preSolution
		HideSolutionNode = FALSE
	EndGlobalSection
	GlobalSection(ExtensibilityGlobals) = postSolution
		SolutionGuid = {6FCD6C0C-7726-4AEF-8C0A-73841AD3201F}
	EndGlobalSection
EndGlobal
